
Microsoft Visual Studio Solution File, Format Version 12.00
# Visual Studio Version 16
VisualStudioVersion = 16.0.29509.3
MinimumVisualStudioVersion = 10.0.40219.1
Project("{8BC9CEB8-8B4A-11D0-8D11-00A0C91BC942}") = "aero-overlay", "aero-overlay.vcxproj", "{816AFBDE-1DB1-4CD9-AD75-44D41F7C4D67}"
EndProject
Global
	GlobalSection(SolutionConfigurationPlatforms) = preSolution
		Debug|x64 = Debug|x64
		Debug|x86 = Debug|x86
		Release|x64 = Release|x64
		Release|x86 = Release|x86
	EndGlobalSection
	GlobalSection(ProjectConfigurationPlatforms) = postSolution
		{816AFBDE-1DB1-4CD9-AD75-44D41F7C4D67}.Debug|x64.ActiveCfg = Debug|x64
		{816AFBDE-1DB1-4CD9-AD75-44D41F7C4D67}.Debug|x64.Build.0 = Debug|x64
		{816AFBDE-1DB1-4CD9-AD75-44D41F7C4D67}.Debug|x86.ActiveCfg = Debug|Win32
		{816AFBDE-1DB1-4CD9-AD75-44D41F7C4D67}.Debug|x86.Build.0 = Debug|Win32
		{816AFBDE-1DB1-4CD9-AD75-44D41F7C4D67}.Release|x64.ActiveCfg = Release|x64
		{816AFBDE-1DB1-4CD9-AD75-44D41F7C4D67}.Release|x64.Build.0 = Release|x64
		{816AFBDE-1DB1-4CD9-AD75-44D41F7C4D67}.Release|x86.ActiveCfg = Release|Win32
		{816AFBDE-1DB1-4CD9-AD75-44D41F7C4D67}.Release|x86.Build.0 = Release|Win32
	EndGlobalSection
	GlobalSection(SolutionProperties) = preSolution
		HideSolutionNode = FALSE
	EndGlobalSection
	GlobalSection(ExtensibilityGlobals) = postSolution
		SolutionGuid = {AA6F767F-4D9D-4F28-894B-7E28C62F7D75}
	EndGlobalSection
EndGlobal
